# This file is automatically @generated by Cargo.
# It is not intended for manual editing.
version = 4

[[package]]
name = "forgeos-create-organization-application"
version = "0.1.0"
dependencies = [
 "forgeos-organization-domain",
]

[[package]]
name = "forgeos-desktop-platform"
version = "0.1.0"
dependencies = [
 "forgeos-create-organization-application",
 "forgeos-organization-infrastructure",
]

[[package]]
name = "forgeos-organization-domain"
version = "0.1.0"

[[package]]
name = "forgeos-organization-infrastructure"
version = "0.1.0"
dependencies = [
 "forgeos-organization-domain",
]
